// !$*UTF8*$!
{
	archiveVersion = 1;
	classes = {
	};
	objectVersion = 56;
	objects = {

/* Begin PBXBuildFile section */
		2504D8C329D3CBC100B31819 /* تعليمات.wav in Resources */ = {isa = PBXBuildFile; fileRef = 2504D8C229D3CBC100B31819 /* تعليمات.wav */; };
		2504D8C529D3CC7D00B31819 /* MainVC.swift in Sources */ = {isa = PBXBuildFile; fileRef = 2504D8C429D3CC7D00B31819 /* MainVC.swift */; };
		2504D8C729D3CCCC00B31819 /* ترحيب.wav in Resources */ = {isa = PBXBuildFile; fileRef = 2504D8C629D3CCCC00B31819 /* ترحيب.wav */; };
		2544230E29C54B8800A7AE19 /* AppDelegate.swift in Sources */ = {isa = PBXBuildFile; fileRef = 2544230D29C54B8800A7AE19 /* AppDelegate.swift */; };
		2544231029C54B8800A7AE19 /* SceneDelegate.swift in Sources */ = {isa = PBXBuildFile; fileRef = 2544230F29C54B8800A7AE19 /* SceneDelegate.swift */; };
		2544231229C54B8800A7AE19 /* MoshafVC.swift in Sources */ = {isa = PBXBuildFile; fileRef = 2544231129C54B8800A7AE19 /* MoshafVC.swift */; };
		2544231529C54B8800A7AE19 /* Main.storyboard in Resources */ = {isa = PBXBuildFile; fileRef = 2544231329C54B8800A7AE19 /* Main.storyboard */; };
		2544231729C54B8A00A7AE19 /* Assets.xcassets in Resources */ = {isa = PBXBuildFile; fileRef = 2544231629C54B8A00A7AE19 /* Assets.xcassets */; };
		2544231A29C54B8A00A7AE19 /* LaunchScreen.storyboard in Resources */ = {isa = PBXBuildFile; fileRef = 2544231829C54B8A00A7AE19 /* LaunchScreen.storyboard */; };
		2544232A29C7775800A7AE19 /* الرابعة.wav in Resources */ = {isa = PBXBuildFile; fileRef = 2544232529C7775800A7AE19 /* الرابعة.wav */; };
		2544232B29C7775800A7AE19 /* البسملة.wav in Resources */ = {isa = PBXBuildFile; fileRef = 2544232629C7775800A7AE19 /* البسملة.wav */; };
		2544232C29C7775800A7AE19 /* الثانية.wav in Resources */ = {isa = PBXBuildFile; fileRef = 2544232729C7775800A7AE19 /* الثانية.wav */; };
		2544232D29C7775800A7AE19 /* الاولى.wav in Resources */ = {isa = PBXBuildFile; fileRef = 2544232829C7775800A7AE19 /* الاولى.wav */; };
		2544232E29C7775800A7AE19 /* الثالثة.wav in Resources */ = {isa = PBXBuildFile; fileRef = 2544232929C7775800A7AE19 /* الثالثة.wav */; };
		2544233629C7A72500A7AE19 /* تفسير4.wav in Resources */ = {isa = PBXBuildFile; fileRef = 2544233229C7A72500A7AE19 /* تفسير4.wav */; };
		2544233729C7A72500A7AE19 /* تفسير2.wav in Resources */ = {isa = PBXBuildFile; fileRef = 2544233329C7A72500A7AE19 /* تفسير2.wav */; };
		2544233829C7A72500A7AE19 /* تفسير3.wav in Resources */ = {isa = PBXBuildFile; fileRef = 2544233429C7A72500A7AE19 /* تفسير3.wav */; };
		2544233929C7A72500A7AE19 /* تفسير1.wav in Resources */ = {isa = PBXBuildFile; fileRef = 2544233529C7A72500A7AE19 /* تفسير1.wav */; };
		25C2B4B129D3BA8E00CF50C0 /* MainExtentions.swift in Sources */ = {isa = PBXBuildFile; fileRef = 25C2B4B029D3BA8E00CF50C0 /* MainExtentions.swift */; };
		25F5251729D3EA01005AD29A /* Lottie in Frameworks */ = {isa = PBXBuildFile; productRef = 25F5251629D3EA01005AD29A /* Lottie */; };
		25F5251B29D3EAD1005AD29A /* swipeLeft.json in Resources */ = {isa = PBXBuildFile; fileRef = 25F5251929D3EAD1005AD29A /* swipeLeft.json */; };
		25F5251C29D3EAD1005AD29A /* swipeRight.json in Resources */ = {isa = PBXBuildFile; fileRef = 25F5251A29D3EAD1005AD29A /* swipeRight.json */; };
/* End PBXBuildFile section */

/* Begin PBXFileReference section */
		2504D8C229D3CBC100B31819 /* تعليمات.wav */ = {isa = PBXFileReference; lastKnownFileType = audio.wav; path = "تعليمات.wav"; sourceTree = "<group>"; };
		2504D8C429D3CC7D00B31819 /* MainVC.swift */ = {isa = PBXFileReference; lastKnownFileType = sourcecode.swift; path = MainVC.swift; sourceTree = "<group>"; };
		2504D8C629D3CCCC00B31819 /* ترحيب.wav */ = {isa = PBXFileReference; lastKnownFileType = audio.wav; path = "ترحيب.wav"; sourceTree = "<group>"; };
		2544230A29C54B8800A7AE19 /* وارتقِ.app */ = {isa = PBXFileReference; explicitFileType = wrapper.application; includeInIndex = 0; path = "وارتقِ.app"; sourceTree = BUILT_PRODUCTS_DIR; };
		2544230D29C54B8800A7AE19 /* AppDelegate.swift */ = {isa = PBXFileReference; lastKnownFileType = sourcecode.swift; path = AppDelegate.swift; sourceTree = "<group>"; };
		2544230F29C54B8800A7AE19 /* SceneDelegate.swift */ = {isa = PBXFileReference; lastKnownFileType = sourcecode.swift; path = SceneDelegate.swift; sourceTree = "<group>"; };
		2544231129C54B8800A7AE19 /* MoshafVC.swift */ = {isa = PBXFileReference; lastKnownFileType = sourcecode.swift; path = MoshafVC.swift; sourceTree = "<group>"; };
		2544231429C54B8800A7AE19 /* Base */ = {isa = PBXFileReference; lastKnownFileType = file.storyboard; name = Base; path = Base.lproj/Main.storyboard; sourceTree = "<group>"; };
		2544231629C54B8A00A7AE19 /* Assets.xcassets */ = {isa = PBXFileReference; lastKnownFileType = folder.assetcatalog; path = Assets.xcassets; sourceTree = "<group>"; };
		2544231929C54B8A00A7AE19 /* Base */ = {isa = PBXFileReference; lastKnownFileType = file.storyboard; name = Base; path = Base.lproj/LaunchScreen.storyboard; sourceTree = "<group>"; };
		2544231B29C54B8A00A7AE19 /* Info.plist */ = {isa = PBXFileReference; lastKnownFileType = text.plist.xml; path = Info.plist; sourceTree = "<group>"; };
		2544232529C7775800A7AE19 /* الرابعة.wav */ = {isa = PBXFileReference; lastKnownFileType = audio.wav; path = "الرابعة.wav"; sourceTree = "<group>"; };
		2544232629C7775800A7AE19 /* البسملة.wav */ = {isa = PBXFileReference; lastKnownFileType = audio.wav; path = "البسملة.wav"; sourceTree = "<group>"; };
		2544232729C7775800A7AE19 /* الثانية.wav */ = {isa = PBXFileReference; lastKnownFileType = audio.wav; path = "الثانية.wav"; sourceTree = "<group>"; };
		2544232829C7775800A7AE19 /* الاولى.wav */ = {isa = PBXFileReference; lastKnownFileType = audio.wav; path = "الاولى.wav"; sourceTree = "<group>"; };
		2544232929C7775800A7AE19 /* الثالثة.wav */ = {isa = PBXFileReference; lastKnownFileType = audio.wav; path = "الثالثة.wav"; sourceTree = "<group>"; };
		2544233229C7A72500A7AE19 /* تفسير4.wav */ = {isa = PBXFileReference; lastKnownFileType = audio.wav; path = "تفسير4.wav"; sourceTree = "<group>"; };
		2544233329C7A72500A7AE19 /* تفسير2.wav */ = {isa = PBXFileReference; lastKnownFileType = audio.wav; path = "تفسير2.wav"; sourceTree = "<group>"; };
		2544233429C7A72500A7AE19 /* تفسير3.wav */ = {isa = PBXFileReference; lastKnownFileType = audio.wav; path = "تفسير3.wav"; sourceTree = "<group>"; };
		2544233529C7A72500A7AE19 /* تفسير1.wav */ = {isa = PBXFileReference; lastKnownFileType = audio.wav; path = "تفسير1.wav"; sourceTree = "<group>"; };
		25C2B4B029D3BA8E00CF50C0 /* MainExtentions.swift */ = {isa = PBXFileReference; lastKnownFileType = sourcecode.swift; path = MainExtentions.swift; sourceTree = "<group>"; };
		25F5251929D3EAD1005AD29A /* swipeLeft.json */ = {isa = PBXFileReference; fileEncoding = 4; lastKnownFileType = text.json; path = swipeLeft.json; sourceTree = "<group>"; };
		25F5251A29D3EAD1005AD29A /* swipeRight.json */ = {isa = PBXFileReference; fileEncoding = 4; lastKnownFileType = text.json; path = swipeRight.json; sourceTree = "<group>"; };
/* End PBXFileReference section */

/* Begin PBXFrameworksBuildPhase section */
		2544230729C54B8800A7AE19 /* Frameworks */ = {
			isa = PBXFrameworksBuildPhase;
			buildActionMask = 2147483647;
			files = (
				25F5251729D3EA01005AD29A /* Lottie in Frameworks */,
			);
			runOnlyForDeploymentPostprocessing = 0;
		};
/* End PBXFrameworksBuildPhase section */

/* Begin PBXGroup section */
		2544230129C54B8800A7AE19 = {
			isa = PBXGroup;
			children = (
				2544230C29C54B8800A7AE19 /* وارتقِ */,
				2544230B29C54B8800A7AE19 /* Products */,
			);
			sourceTree = "<group>";
		};
		2544230B29C54B8800A7AE19 /* Products */ = {
			isa = PBXGroup;
			children = (
				2544230A29C54B8800A7AE19 /* وارتقِ.app */,
			);
			name = Products;
			sourceTree = "<group>";
		};
		2544230C29C54B8800A7AE19 /* وارتقِ */ = {
			isa = PBXGroup;
			children = (
				2544230D29C54B8800A7AE19 /* AppDelegate.swift */,
				2544230F29C54B8800A7AE19 /* SceneDelegate.swift */,
				2504D8C429D3CC7D00B31819 /* MainVC.swift */,
				2544231129C54B8800A7AE19 /* MoshafVC.swift */,
				2544231329C54B8800A7AE19 /* Main.storyboard */,
				25C2B4B029D3BA8E00CF50C0 /* MainExtentions.swift */,
				2544231629C54B8A00A7AE19 /* Assets.xcassets */,
				2544231829C54B8A00A7AE19 /* LaunchScreen.storyboard */,
				2544231B29C54B8A00A7AE19 /* Info.plist */,
				25F5251829D3EA81005AD29A /* Lottie */,
				2544233129C7A70B00A7AE19 /* sounds */,
			);
			path = "وارتقِ";
			sourceTree = "<group>";
		};
		2544233129C7A70B00A7AE19 /* sounds */ = {
			isa = PBXGroup;
			children = (
				2544232829C7775800A7AE19 /* الاولى.wav */,
				2544232629C7775800A7AE19 /* البسملة.wav */,
				2544232929C7775800A7AE19 /* الثالثة.wav */,
				2544232729C7775800A7AE19 /* الثانية.wav */,
				2544232529C7775800A7AE19 /* الرابعة.wav */,
				2544233529C7A72500A7AE19 /* تفسير1.wav */,
				2544233329C7A72500A7AE19 /* تفسير2.wav */,
				2544233429C7A72500A7AE19 /* تفسير3.wav */,
				2544233229C7A72500A7AE19 /* تفسير4.wav */,
				2504D8C229D3CBC100B31819 /* تعليمات.wav */,
				2504D8C629D3CCCC00B31819 /* ترحيب.wav */,
			);
			path = sounds;
			sourceTree = "<group>";
		};
		25F5251829D3EA81005AD29A /* Lottie */ = {
			isa = PBXGroup;
			children = (
				25F5251929D3EAD1005AD29A /* swipeLeft.json */,
				25F5251A29D3EAD1005AD29A /* swipeRight.json */,
			);
			path = Lottie;
			sourceTree = "<group>";
		};
/* End PBXGroup section */

/* Begin PBXNativeTarget section */
		2544230929C54B8800A7AE19 /* وارتقِ */ = {
			isa = PBXNativeTarget;
			buildConfigurationList = 2544231E29C54B8A00A7AE19 /* Build configuration list for PBXNativeTarget "وارتقِ" */;
			buildPhases = (
				2544230629C54B8800A7AE19 /* Sources */,
				2544230729C54B8800A7AE19 /* Frameworks */,
				2544230829C54B8800A7AE19 /* Resources */,
			);
			buildRules = (
			);
			dependencies = (
			);
			name = "وارتقِ";
			packageProductDependencies = (
				25F5251629D3EA01005AD29A /* Lottie */,
			);
			productName = "وارتقِ";
			productReference = 2544230A29C54B8800A7AE19 /* وارتقِ.app */;
			productType = "com.apple.product-type.application";
		};
/* End PBXNativeTarget section */

/* Begin PBXProject section */
		2544230229C54B8800A7AE19 /* Project object */ = {
			isa = PBXProject;
			attributes = {
				BuildIndependentTargetsInParallel = 1;
				LastSwiftUpdateCheck = 1420;
				LastUpgradeCheck = 1420;
				TargetAttributes = {
					2544230929C54B8800A7AE19 = {
						CreatedOnToolsVersion = 14.2;
					};
				};
			};
			buildConfigurationList = 2544230529C54B8800A7AE19 /* Build configuration list for PBXProject "وارتقِ" */;
			compatibilityVersion = "Xcode 14.0";
			developmentRegion = en;
			hasScannedForEncodings = 0;
			knownRegions = (
				en,
				Base,
			);
			mainGroup = 2544230129C54B8800A7AE19;
			packageReferences = (
				25F5251529D3EA01005AD29A /* XCRemoteSwiftPackageReference "lottie-ios" */,
			);
			productRefGroup = 2544230B29C54B8800A7AE19 /* Products */;
			projectDirPath = "";
			projectRoot = "";
			targets = (
				2544230929C54B8800A7AE19 /* وارتقِ */,
			);
		};
/* End PBXProject section */

/* Begin PBXResourcesBuildPhase section */
		2544230829C54B8800A7AE19 /* Resources */ = {
			isa = PBXResourcesBuildPhase;
			buildActionMask = 2147483647;
			files = (
				25F5251B29D3EAD1005AD29A /* swipeLeft.json in Resources */,
				2544233629C7A72500A7AE19 /* تفسير4.wav in Resources */,
				2504D8C329D3CBC100B31819 /* تعليمات.wav in Resources */,
				2544232B29C7775800A7AE19 /* البسملة.wav in Resources */,
				2544232C29C7775800A7AE19 /* الثانية.wav in Resources */,
				2544232A29C7775800A7AE19 /* الرابعة.wav in Resources */,
				2544231A29C54B8A00A7AE19 /* LaunchScreen.storyboard in Resources */,
				2544233829C7A72500A7AE19 /* تفسير3.wav in Resources */,
				2544233929C7A72500A7AE19 /* تفسير1.wav in Resources */,
				2544232D29C7775800A7AE19 /* الاولى.wav in Resources */,
				2544231729C54B8A00A7AE19 /* Assets.xcassets in Resources */,
				2544233729C7A72500A7AE19 /* تفسير2.wav in Resources */,
				2504D8C729D3CCCC00B31819 /* ترحيب.wav in Resources */,
				25F5251C29D3EAD1005AD29A /* swipeRight.json in Resources */,
				2544232E29C7775800A7AE19 /* الثالثة.wav in Resources */,
				2544231529C54B8800A7AE19 /* Main.storyboard in Resources */,
			);
			runOnlyForDeploymentPostprocessing = 0;
		};
/* End PBXResourcesBuildPhase section */

/* Begin PBXSourcesBuildPhase section */
		2544230629C54B8800A7AE19 /* Sources */ = {
			isa = PBXSourcesBuildPhase;
			buildActionMask = 2147483647;
			files = (
				2544231229C54B8800A7AE19 /* MoshafVC.swift in Sources */,
				2504D8C529D3CC7D00B31819 /* MainVC.swift in Sources */,
				2544230E29C54B8800A7AE19 /* AppDelegate.swift in Sources */,
				25C2B4B129D3BA8E00CF50C0 /* MainExtentions.swift in Sources */,
				2544231029C54B8800A7AE19 /* SceneDelegate.swift in Sources */,
			);
			runOnlyForDeploymentPostprocessing = 0;
		};
/* End PBXSourcesBuildPhase section */

/* Begin PBXVariantGroup section */
		2544231329C54B8800A7AE19 /* Main.storyboard */ = {
			isa = PBXVariantGroup;
			children = (
				2544231429C54B8800A7AE19 /* Base */,
			);
			name = Main.storyboard;
			sourceTree = "<group>";
		};
		2544231829C54B8A00A7AE19 /* LaunchScreen.storyboard */ = {
			isa = PBXVariantGroup;
			children = (
				2544231929C54B8A00A7AE19 /* Base */,
			);
			name = LaunchScreen.storyboard;
			sourceTree = "<group>";
		};
/* End PBXVariantGroup section */

/* Begin XCBuildConfiguration section */
		2544231C29C54B8A00A7AE19 /* Debug */ = {
			isa = XCBuildConfiguration;
			buildSettings = {
				ALWAYS_SEARCH_USER_PATHS = NO;
				CLANG_ANALYZER_NONNULL = YES;
				CLANG_ANALYZER_NUMBER_OBJECT_CONVERSION = YES_AGGRESSIVE;
				CLANG_CXX_LANGUAGE_STANDARD = "gnu++20";
				CLANG_ENABLE_MODULES = YES;
				CLANG_ENABLE_OBJC_ARC = YES;
				CLANG_ENABLE_OBJC_WEAK = YES;
				CLANG_WARN_BLOCK_CAPTURE_AUTORELEASING = YES;
				CLANG_WARN_BOOL_CONVERSION = YES;
				CLANG_WARN_COMMA = YES;
				CLANG_WARN_CONSTANT_CONVERSION = YES;
				CLANG_WARN_DEPRECATED_OBJC_IMPLEMENTATIONS = YES;
				CLANG_WARN_DIRECT_OBJC_ISA_USAGE = YES_ERROR;
				CLANG_WARN_DOCUMENTATION_COMMENTS = YES;
				CLANG_WARN_EMPTY_BODY = YES;
				CLANG_WARN_ENUM_CONVERSION = YES;
				CLANG_WARN_INFINITE_RECURSION = YES;
				CLANG_WARN_INT_CONVERSION = YES;
				CLANG_WARN_NON_LITERAL_NULL_CONVERSION = YES;
				CLANG_WARN_OBJC_IMPLICIT_RETAIN_SELF = YES;
				CLANG_WARN_OBJC_LITERAL_CONVERSION = YES;
				CLANG_WARN_OBJC_ROOT_CLASS = YES_ERROR;
				CLANG_WARN_QUOTED_INCLUDE_IN_FRAMEWORK_HEADER = YES;
				CLANG_WARN_RANGE_LOOP_ANALYSIS = YES;
				CLANG_WARN_STRICT_PROTOTYPES = YES;
				CLANG_WARN_SUSPICIOUS_MOVE = YES;
				CLANG_WARN_UNGUARDED_AVAILABILITY = YES_AGGRESSIVE;
				CLANG_WARN_UNREACHABLE_CODE = YES;
				CLANG_WARN__DUPLICATE_METHOD_MATCH = YES;
				COPY_PHASE_STRIP = NO;
				DEBUG_INFORMATION_FORMAT = dwarf;
				ENABLE_STRICT_OBJC_MSGSEND = YES;
				ENABLE_TESTABILITY = YES;
				GCC_C_LANGUAGE_STANDARD = gnu11;
				GCC_DYNAMIC_NO_PIC = NO;
				GCC_NO_COMMON_BLOCKS = YES;
				GCC_OPTIMIZATION_LEVEL = 0;
				GCC_PREPROCESSOR_DEFINITIONS = (
					"DEBUG=1",
					"$(inherited)",
				);
				GCC_WARN_64_TO_32_BIT_CONVERSION = YES;
				GCC_WARN_ABOUT_RETURN_TYPE = YES_ERROR;
				GCC_WARN_UNDECLARED_SELECTOR = YES;
				GCC_WARN_UNINITIALIZED_AUTOS = YES_AGGRESSIVE;
				GCC_WARN_UNUSED_FUNCTION = YES;
				GCC_WARN_UNUSED_VARIABLE = YES;
				IPHONEOS_DEPLOYMENT_TARGET = 16.2;
				MTL_ENABLE_DEBUG_INFO = INCLUDE_SOURCE;
				MTL_FAST_MATH = YES;
				ONLY_ACTIVE_ARCH = YES;
				SDKROOT = iphoneos;
				SWIFT_ACTIVE_COMPILATION_CONDITIONS = DEBUG;
				SWIFT_OPTIMIZATION_LEVEL = "-Onone";
			};
			name = Debug;
		};
		2544231D29C54B8A00A7AE19 /* Release */ = {
			isa = XCBuildConfiguration;
			buildSettings = {
				ALWAYS_SEARCH_USER_PATHS = NO;
				CLANG_ANALYZER_NONNULL = YES;
				CLANG_ANALYZER_NUMBER_OBJECT_CONVERSION = YES_AGGRESSIVE;
				CLANG_CXX_LANGUAGE_STANDARD = "gnu++20";
				CLANG_ENABLE_MODULES = YES;
				CLANG_ENABLE_OBJC_ARC = YES;
				CLANG_ENABLE_OBJC_WEAK = YES;
				CLANG_WARN_BLOCK_CAPTURE_AUTORELEASING = YES;
				CLANG_WARN_BOOL_CONVERSION = YES;
				CLANG_WARN_COMMA = YES;
				CLANG_WARN_CONSTANT_CONVERSION = YES;
				CLANG_WARN_DEPRECATED_OBJC_IMPLEMENTATIONS = YES;
				CLANG_WARN_DIRECT_OBJC_ISA_USAGE = YES_ERROR;
				CLANG_WARN_DOCUMENTATION_COMMENTS = YES;
				CLANG_WARN_EMPTY_BODY = YES;
				CLANG_WARN_ENUM_CONVERSION = YES;
				CLANG_WARN_INFINITE_RECURSION = YES;
				CLANG_WARN_INT_CONVERSION = YES;
				CLANG_WARN_NON_LITERAL_NULL_CONVERSION = YES;
				CLANG_WARN_OBJC_IMPLICIT_RETAIN_SELF = YES;
				CLANG_WARN_OBJC_LITERAL_CONVERSION = YES;
				CLANG_WARN_OBJC_ROOT_CLASS = YES_ERROR;
				CLANG_WARN_QUOTED_INCLUDE_IN_FRAMEWORK_HEADER = YES;
				CLANG_WARN_RANGE_LOOP_ANALYSIS = YES;
				CLANG_WARN_STRICT_PROTOTYPES = YES;
				CLANG_WARN_SUSPICIOUS_MOVE = YES;
				CLANG_WARN_UNGUARDED_AVAILABILITY = YES_AGGRESSIVE;
				CLANG_WARN_UNREACHABLE_CODE = YES;
				CLANG_WARN__DUPLICATE_METHOD_MATCH = YES;
				COPY_PHASE_STRIP = NO;
				DEBUG_INFORMATION_FORMAT = "dwarf-with-dsym";
				ENABLE_NS_ASSERTIONS = NO;
				ENABLE_STRICT_OBJC_MSGSEND = YES;
				GCC_C_LANGUAGE_STANDARD = gnu11;
				GCC_NO_COMMON_BLOCKS = YES;
				GCC_WARN_64_TO_32_BIT_CONVERSION = YES;
				GCC_WARN_ABOUT_RETURN_TYPE = YES_ERROR;
				GCC_WARN_UNDECLARED_SELECTOR = YES;
				GCC_WARN_UNINITIALIZED_AUTOS = YES_AGGRESSIVE;
				GCC_WARN_UNUSED_FUNCTION = YES;
				GCC_WARN_UNUSED_VARIABLE = YES;
				IPHONEOS_DEPLOYMENT_TARGET = 16.2;
				MTL_ENABLE_DEBUG_INFO = NO;
				MTL_FAST_MATH = YES;
				SDKROOT = iphoneos;
				SWIFT_COMPILATION_MODE = wholemodule;
				SWIFT_OPTIMIZATION_LEVEL = "-O";
				VALIDATE_PRODUCT = YES;
			};
			name = Release;
		};
		2544231F29C54B8A00A7AE19 /* Debug */ = {
			isa = XCBuildConfiguration;
			buildSettings = {
				ASSETCATALOG_COMPILER_APPICON_NAME = AppIcon;
				ASSETCATALOG_COMPILER_GLOBAL_ACCENT_COLOR_NAME = AccentColor;
				CODE_SIGN_STYLE = Automatic;
				CURRENT_PROJECT_VERSION = 1;
				DEVELOPMENT_TEAM = 95R6F629SF;
				GENERATE_INFOPLIST_FILE = YES;
				INFOPLIST_FILE = "وارتقِ/Info.plist";
				INFOPLIST_KEY_UIApplicationSupportsIndirectInputEvents = YES;
				INFOPLIST_KEY_UILaunchStoryboardName = LaunchScreen;
				INFOPLIST_KEY_UIMainStoryboardFile = Main;
				INFOPLIST_KEY_UISupportedInterfaceOrientations_iPad = "UIInterfaceOrientationPortrait UIInterfaceOrientationPortraitUpsideDown UIInterfaceOrientationLandscapeLeft UIInterfaceOrientationLandscapeRight";
				INFOPLIST_KEY_UISupportedInterfaceOrientations_iPhone = "UIInterfaceOrientationPortrait UIInterfaceOrientationLandscapeLeft UIInterfaceOrientationLandscapeRight";
				LD_RUNPATH_SEARCH_PATHS = (
					"$(inherited)",
					"@executable_path/Frameworks",
				);
				MARKETING_VERSION = 1.0;
				PRODUCT_BUNDLE_IDENTIFIER = "FOTECH.------";
				PRODUCT_NAME = "$(TARGET_NAME)";
				SWIFT_EMIT_LOC_STRINGS = YES;
				SWIFT_VERSION = 5.0;
				TARGETED_DEVICE_FAMILY = "1,2";
			};
			name = Debug;
		};
		2544232029C54B8A00A7AE19 /* Release */ = {
			isa = XCBuildConfiguration;
			buildSettings = {
				ASSETCATALOG_COMPILER_APPICON_NAME = AppIcon;
				ASSETCATALOG_COMPILER_GLOBAL_ACCENT_COLOR_NAME = AccentColor;
				CODE_SIGN_STYLE = Automatic;
				CURRENT_PROJECT_VERSION = 1;
				DEVELOPMENT_TEAM = 95R6F629SF;
				GENERATE_INFOPLIST_FILE = YES;
				INFOPLIST_FILE = "وارتقِ/Info.plist";
				INFOPLIST_KEY_UIApplicationSupportsIndirectInputEvents = YES;
				INFOPLIST_KEY_UILaunchStoryboardName = LaunchScreen;
				INFOPLIST_KEY_UIMainStoryboardFile = Main;
				INFOPLIST_KEY_UISupportedInterfaceOrientations_iPad = "UIInterfaceOrientationPortrait UIInterfaceOrientationPortraitUpsideDown UIInterfaceOrientationLandscapeLeft UIInterfaceOrientationLandscapeRight";
				INFOPLIST_KEY_UISupportedInterfaceOrientations_iPhone = "UIInterfaceOrientationPortrait UIInterfaceOrientationLandscapeLeft UIInterfaceOrientationLandscapeRight";
				LD_RUNPATH_SEARCH_PATHS = (
					"$(inherited)",
					"@executable_path/Frameworks",
				);
				MARKETING_VERSION = 1.0;
				PRODUCT_BUNDLE_IDENTIFIER = "FOTECH.------";
				PRODUCT_NAME = "$(TARGET_NAME)";
				SWIFT_EMIT_LOC_STRINGS = YES;
				SWIFT_VERSION = 5.0;
				TARGETED_DEVICE_FAMILY = "1,2";
			};
			name = Release;
		};
/* End XCBuildConfiguration section */

/* Begin XCConfigurationList section */
		2544230529C54B8800A7AE19 /* Build configuration list for PBXProject "وارتقِ" */ = {
			isa = XCConfigurationList;
			buildConfigurations = (
				2544231C29C54B8A00A7AE19 /* Debug */,
				2544231D29C54B8A00A7AE19 /* Release */,
			);
			defaultConfigurationIsVisible = 0;
			defaultConfigurationName = Release;
		};
		2544231E29C54B8A00A7AE19 /* Build configuration list for PBXNativeTarget "وارتقِ" */ = {
			isa = XCConfigurationList;
			buildConfigurations = (
				2544231F29C54B8A00A7AE19 /* Debug */,
				2544232029C54B8A00A7AE19 /* Release */,
			);
			defaultConfigurationIsVisible = 0;
			defaultConfigurationName = Release;
		};
/* End XCConfigurationList section */

/* Begin XCRemoteSwiftPackageReference section */
		25F5251529D3EA01005AD29A /* XCRemoteSwiftPackageReference "lottie-ios" */ = {
			isa = XCRemoteSwiftPackageReference;
			repositoryURL = "https://github.com/airbnb/lottie-ios.git";
			requirement = {
				branch = master;
				kind = branch;
			};
		};
/* End XCRemoteSwiftPackageReference section */

/* Begin XCSwiftPackageProductDependency section */
		25F5251629D3EA01005AD29A /* Lottie */ = {
			isa = XCSwiftPackageProductDependency;
			package = 25F5251529D3EA01005AD29A /* XCRemoteSwiftPackageReference "lottie-ios" */;
			productName = Lottie;
		};
/* End XCSwiftPackageProductDependency section */
	};
	rootObject = 2544230229C54B8800A7AE19 /* Project object */;
}
